
Microsoft Visual Studio Solution File, Format Version 12.00
# Visual Studio Version 17
VisualStudioVersion = 17.5.33627.172
MinimumVisualStudioVersion = 10.0.40219.1
Project("{FAE04EC0-301F-11D3-BF4B-00C04F79EFBC}") = "AbacProjectBackend", "AbacProjectBackend\AbacProjectBackend.csproj", "{A4E89257-4BB3-42CB-BC36-3EB65430E4B4}"
EndProject
Global
	GlobalSection(SolutionConfigurationPlatforms) = preSolution
		Debug|Any CPU = Debug|Any CPU
		Release|Any CPU = Release|Any CPU
	EndGlobalSection
	GlobalSection(ProjectConfigurationPlatforms) = postSolution
		{A4E89257-4BB3-42CB-BC36-3EB65430E4B4}.Debug|Any CPU.ActiveCfg = Debug|Any CPU
		{A4E89257-4BB3-42CB-BC36-3EB65430E4B4}.Debug|Any CPU.Build.0 = Debug|Any CPU
		{A4E89257-4BB3-42CB-BC36-3EB65430E4B4}.Release|Any CPU.ActiveCfg = Release|Any CPU
		{A4E89257-4BB3-42CB-BC36-3EB65430E4B4}.Release|Any CPU.Build.0 = Release|Any CPU
	EndGlobalSection
	GlobalSection(SolutionProperties) = preSolution
		HideSolutionNode = FALSE
	EndGlobalSection
	GlobalSection(ExtensibilityGlobals) = postSolution
		SolutionGuid = {D82C5113-CEFF-4C66-80DF-2E916B83E9A2}
	EndGlobalSection
EndGlobal
